<?xml version="1.0" encoding="utf-8"?>
<Project ToolsVersion="4.0" xmlns="http://schemas.microsoft.com/developer/msbuild/2003">
  <ItemGroup>
    <Filter Include="Fichiers sources">
      <UniqueIdentifier>{4FC737F1-C7A5-4376-A066-2A32D752A2FF}</UniqueIdentifier>
      <Extensions>cpp;c;cc;cxx;c++;cppm;ixx;def;odl;idl;hpj;bat;asm;asmx</Extensions>
    </Filter>
    <Filter Include="Fichiers d%27en-tête">
      <UniqueIdentifier>{93995380-89BD-4b04-88EB-625FBE52EBFB}</UniqueIdentifier>
      <Extensions>h;hh;hpp;hxx;h++;hm;inl;inc;ipp;xsd</Extensions>
    </Filter>
    <Filter Include="Fichiers de ressources">
      <UniqueIdentifier>{67DA6AB6-F800-4c08-8B7A-83BB121AAD01}</UniqueIdentifier>
      <Extensions>rc;ico;cur;bmp;dlg;rc2;rct;bin;rgs;gif;jpg;jpeg;jpe;resx;tiff;tif;png;wav;mfcribbon-ms</Extensions>
    </Filter>
    <Filter Include="Fichiers sources\Core">
      <UniqueIdentifier>{eab2b013-35bc-4d3d-bc0a-3da1e27f6f75}</UniqueIdentifier>
    </Filter>
    <Filter Include="Fichiers sources\Renderer">
      <UniqueIdentifier>{8470f00e-9ab8-49d9-ae5d-b3a7ab24331a}</UniqueIdentifier>
    </Filter>
    <Filter Include="Fichiers d%27en-tête\Core">
      <UniqueIdentifier>{1fa49ae0-4029-4d64-8e8c-219131363ad9}</UniqueIdentifier>
    </Filter>
    <Filter Include="Fichiers d%27en-tête\Renderer">
      <UniqueIdentifier>{082926a4-899b-4818-ba9e-e1ed2e62af6e}</UniqueIdentifier>
    </Filter>
  </ItemGroup>
  <ItemGroup>
    <ClCompile Include="src\Source.cpp">
      <Filter>Fichiers sources</Filter>
    </ClCompile>
    <ClCompile Include="src\Core\Maths.cpp">
      <Filter>Fichiers sources\Core</Filter>
    </ClCompile>
    <ClCompile Include="..\Libs\src\gl.c">
      <Filter>Fichiers sources</Filter>
    </ClCompile>
    <ClCompile Include="src\Renderer\Camera.cpp">
      <Filter>Fichiers sources\Renderer</Filter>
    </ClCompile>
    <ClCompile Include="src\Renderer\Mesh.cpp">
      <Filter>Fichiers sources\Renderer</Filter>
    </ClCompile>
    <ClCompile Include="src\Renderer\ResourcesManager.cpp">
      <Filter>Fichiers sources\Renderer</Filter>
    </ClCompile>
    <ClCompile Include="src\Renderer\Shader.cpp">
      <Filter>Fichiers sources\Renderer</Filter>
    </ClCompile>
    <ClCompile Include="src\Renderer\Texture.cpp">
      <Filter>Fichiers sources\Renderer</Filter>
    </ClCompile>
    <ClCompile Include="src\Renderer\Material.cpp">
      <Filter>Fichiers sources\Renderer</Filter>
    </ClCompile>
    <ClCompile Include="src\Renderer\Renderer.cpp">
      <Filter>Fichiers sources\Renderer</Filter>
    </ClCompile>
    <ClCompile Include="src\Core\Component.cpp">
      <Filter>Fichiers sources\Core</Filter>
    </ClCompile>
    <ClCompile Include="src\Core\GameObject.cpp">
      <Filter>Fichiers sources\Core</Filter>
    </ClCompile>
    <ClCompile Include="src\Core\Debug.cpp">
      <Filter>Fichiers sources\Core</Filter>
    </ClCompile>
    <ClCompile Include="src\Core\Time.cpp">
      <Filter>Fichiers sources\Core</Filter>
    </ClCompile>
    <ClCompile Include="src\Renderer\Bone.cpp">
      <Filter>Fichiers sources\Renderer</Filter>
    </ClCompile>
    <ClCompile Include="src\Renderer\Animation.cpp">
      <Filter>Fichiers sources\Renderer</Filter>
    </ClCompile>
    <ClCompile Include="src\Renderer\Animator.cpp">
      <Filter>Fichiers sources\Renderer</Filter>
    </ClCompile>
    <ClCompile Include="src\Renderer\ModelLoader.cpp">
      <Filter>Fichiers sources\Renderer</Filter>
    </ClCompile>
    <ClCompile Include="src\Renderer\ModelInstance.cpp">
      <Filter>Fichiers sources\Renderer</Filter>
    </ClCompile>
    <ClCompile Include="src\Core\Transform.cpp">
      <Filter>Fichiers sources\Core</Filter>
    </ClCompile>
    <ClCompile Include="src\Core\Event.cpp">
      <Filter>Fichiers sources\Core</Filter>
    </ClCompile>
    <ClCompile Include="src\Core\EventSubscriber.cpp">
      <Filter>Fichiers sources\Core</Filter>
    </ClCompile>
  </ItemGroup>
  <ItemGroup>
    <ClInclude Include="include\Source.h">
      <Filter>Fichiers d%27en-tête</Filter>
    </ClInclude>
    <ClInclude Include="include\Core\Maths.h">
      <Filter>Fichiers d%27en-tête\Core</Filter>
    </ClInclude>
    <ClInclude Include="include\Core\Constants.h">
      <Filter>Fichiers d%27en-tête\Core</Filter>
    </ClInclude>
    <ClInclude Include="include\Renderer\Shader.h">
      <Filter>Fichiers d%27en-tête\Renderer</Filter>
    </ClInclude>
    <ClInclude Include="include\Renderer\Texture.h">
      <Filter>Fichiers d%27en-tête\Renderer</Filter>
    </ClInclude>
    <ClInclude Include="include\Renderer\Camera.h">
      <Filter>Fichiers d%27en-tête\Renderer</Filter>
    </ClInclude>
    <ClInclude Include="include\Renderer\Light.h">
      <Filter>Fichiers d%27en-tête\Renderer</Filter>
    </ClInclude>
    <ClInclude Include="include\Renderer\Resource.h">
      <Filter>Fichiers d%27en-tête\Renderer</Filter>
    </ClInclude>
    <ClInclude Include="include\Renderer\ResourcesManager.h">
      <Filter>Fichiers d%27en-tête\Renderer</Filter>
    </ClInclude>
    <ClInclude Include="include\Renderer\Material.h">
      <Filter>Fichiers d%27en-tête\Renderer</Filter>
    </ClInclude>
    <ClInclude Include="include\Renderer\ModelInstance.h">
      <Filter>Fichiers d%27en-tête\Renderer</Filter>
    </ClInclude>
    <ClInclude Include="include\Renderer\Renderer.h">
      <Filter>Fichiers d%27en-tête\Renderer</Filter>
    </ClInclude>
    <ClInclude Include="include\Core\Component.h">
      <Filter>Fichiers d%27en-tête\Core</Filter>
    </ClInclude>
    <ClInclude Include="include\Core\GameObject.h">
      <Filter>Fichiers d%27en-tête\Core</Filter>
    </ClInclude>
    <ClInclude Include="include\Core\Debug.h">
      <Filter>Fichiers d%27en-tête\Core</Filter>
    </ClInclude>
    <ClInclude Include="include\Core\Time.h">
      <Filter>Fichiers d%27en-tête\Core</Filter>
    </ClInclude>
    <ClInclude Include="include\Renderer\Bone.h">
      <Filter>Fichiers d%27en-tête\Renderer</Filter>
    </ClInclude>
    <ClInclude Include="include\Renderer\Animation.h">
      <Filter>Fichiers d%27en-tête\Renderer</Filter>
    </ClInclude>
    <ClInclude Include="include\Renderer\Animator.h">
      <Filter>Fichiers d%27en-tête\Renderer</Filter>
    </ClInclude>
    <ClInclude Include="include\Renderer\ModelLoader.h">
      <Filter>Fichiers d%27en-tête\Renderer</Filter>
    </ClInclude>
    <ClInclude Include="include\Core\Transform.h">
      <Filter>Fichiers d%27en-tête\Core</Filter>
    </ClInclude>
    <ClInclude Include="include\Core\Event.h">
      <Filter>Fichiers d%27en-tête\Core</Filter>
    </ClInclude>
    <ClInclude Include="include\Core\EventSubscriber.h">
      <Filter>Fichiers d%27en-tête\Core</Filter>
    </ClInclude>
  </ItemGroup>
</Project>